// !$*UTF8*$!
{
	archiveVersion = 1;
	classes = {
	};
	objectVersion = 46;
	objects = {

/* Begin PBXBuildFile section */
		37127D0B1A9901B900599B6E /* main.m in Sources */ = {isa = PBXBuildFile; fileRef = 37127D0A1A9901B900599B6E /* main.m */; };
		3757A2931A99169E00036F83 /* api-ping.m in Sources */ = {isa = PBXBuildFile; fileRef = 3757A2921A99169E00036F83 /* api-ping.m */; };
		AEC8A915D094D77203DB56E6 /* libPods-ping.a in Frameworks */ = {isa = PBXBuildFile; fileRef = ED8C0009CAAA52F0F98D1606 /* libPods-ping.a */; };
/* End PBXBuildFile section */

/* Begin PBXCopyFilesBuildPhase section */
		37127D051A9901B900599B6E /* CopyFiles */ = {
			isa = PBXCopyFilesBuildPhase;
			buildActionMask = 2147483647;
			dstPath = /usr/share/man/man1/;
			dstSubfolderSpec = 0;
			files = (
			);
			runOnlyForDeploymentPostprocessing = 1;
		};
/* End PBXCopyFilesBuildPhase section */

/* Begin PBXFileReference section */
		37127D071A9901B900599B6E /* ping */ = {isa = PBXFileReference; explicitFileType = "compiled.mach-o.executable"; includeInIndex = 0; path = ping; sourceTree = BUILT_PRODUCTS_DIR; };
		37127D0A1A9901B900599B6E /* main.m */ = {isa = PBXFileReference; lastKnownFileType = sourcecode.c.objc; path = main.m; sourceTree = "<group>"; };
		3757A2911A9913DD00036F83 /* lumberjack.h */ = {isa = PBXFileReference; lastKnownFileType = sourcecode.c.h; path = lumberjack.h; sourceTree = "<group>"; };
		3757A2921A99169E00036F83 /* api-ping.m */ = {isa = PBXFileReference; fileEncoding = 4; lastKnownFileType = sourcecode.c.objc; path = "api-ping.m"; sourceTree = "<group>"; };
		3757A2941A992F4200036F83 /* api-ping.h */ = {isa = PBXFileReference; lastKnownFileType = sourcecode.c.h; path = "api-ping.h"; sourceTree = "<group>"; };
		37BFAF851A9A21A50018F8A0 /* .clang-format */ = {isa = PBXFileReference; fileEncoding = 4; lastKnownFileType = text; path = ".clang-format"; sourceTree = "<group>"; };
		75F5AD618C0D21647ABDF615 /* Pods-ping.release.xcconfig */ = {isa = PBXFileReference; includeInIndex = 1; lastKnownFileType = text.xcconfig; name = "Pods-ping.release.xcconfig"; path = "Pods/Target Support Files/Pods-ping/Pods-ping.release.xcconfig"; sourceTree = "<group>"; };
		D3E49A3384D93725A75C51A4 /* Pods-ping.debug.xcconfig */ = {isa = PBXFileReference; includeInIndex = 1; lastKnownFileType = text.xcconfig; name = "Pods-ping.debug.xcconfig"; path = "Pods/Target Support Files/Pods-ping/Pods-ping.debug.xcconfig"; sourceTree = "<group>"; };
		ED8C0009CAAA52F0F98D1606 /* libPods-ping.a */ = {isa = PBXFileReference; explicitFileType = archive.ar; includeInIndex = 0; path = "libPods-ping.a"; sourceTree = BUILT_PRODUCTS_DIR; };
/* End PBXFileReference section */

/* Begin PBXFrameworksBuildPhase section */
		37127D041A9901B900599B6E /* Frameworks */ = {
			isa = PBXFrameworksBuildPhase;
			buildActionMask = 2147483647;
			files = (
				AEC8A915D094D77203DB56E6 /* libPods-ping.a in Frameworks */,
			);
			runOnlyForDeploymentPostprocessing = 0;
		};
/* End PBXFrameworksBuildPhase section */

/* Begin PBXGroup section */
		37127CFE1A9901B900599B6E = {
			isa = PBXGroup;
			children = (
				37BFAF851A9A21A50018F8A0 /* .clang-format */,
				37127D091A9901B900599B6E /* ping */,
				37127D081A9901B900599B6E /* Products */,
				B778E3E06067B6005B0CD9CB /* Pods */,
				3B1C3F1A75A813BE50C8C587 /* Frameworks */,
			);
			sourceTree = "<group>";
		};
		37127D081A9901B900599B6E /* Products */ = {
			isa = PBXGroup;
			children = (
				37127D071A9901B900599B6E /* ping */,
			);
			name = Products;
			sourceTree = "<group>";
		};
		37127D091A9901B900599B6E /* ping */ = {
			isa = PBXGroup;
			children = (
				37127D0A1A9901B900599B6E /* main.m */,
				3757A2911A9913DD00036F83 /* lumberjack.h */,
				3757A2921A99169E00036F83 /* api-ping.m */,
				3757A2941A992F4200036F83 /* api-ping.h */,
			);
			path = ping;
			sourceTree = "<group>";
		};
		3B1C3F1A75A813BE50C8C587 /* Frameworks */ = {
			isa = PBXGroup;
			children = (
				ED8C0009CAAA52F0F98D1606 /* libPods-ping.a */,
			);
			name = Frameworks;
			sourceTree = "<group>";
		};
		B778E3E06067B6005B0CD9CB /* Pods */ = {
			isa = PBXGroup;
			children = (
				D3E49A3384D93725A75C51A4 /* Pods-ping.debug.xcconfig */,
				75F5AD618C0D21647ABDF615 /* Pods-ping.release.xcconfig */,
			);
			name = Pods;
			sourceTree = "<group>";
		};
/* End PBXGroup section */

/* Begin PBXNativeTarget section */
		37127D061A9901B900599B6E /* ping */ = {
			isa = PBXNativeTarget;
			buildConfigurationList = 37127D0E1A9901B900599B6E /* Build configuration list for PBXNativeTarget "ping" */;
			buildPhases = (
				900261A759775994BCD67A4F /* Check Pods Manifest.lock */,
				37127D031A9901B900599B6E /* Sources */,
				37127D041A9901B900599B6E /* Frameworks */,
				37127D051A9901B900599B6E /* CopyFiles */,
				EA6EA881454D762D4625DE0A /* Copy Pods Resources */,
			);
			buildRules = (
			);
			dependencies = (
			);
			name = ping;
			productName = ping;
			productReference = 37127D071A9901B900599B6E /* ping */;
			productType = "com.apple.product-type.tool";
		};
/* End PBXNativeTarget section */

/* Begin PBXProject section */
		37127CFF1A9901B900599B6E /* Project object */ = {
			isa = PBXProject;
			attributes = {
				LastUpgradeCheck = 0610;
				ORGANIZATIONNAME = "Dan Peddle";
				TargetAttributes = {
					37127D061A9901B900599B6E = {
						CreatedOnToolsVersion = 6.1.1;
					};
				};
			};
			buildConfigurationList = 37127D021A9901B900599B6E /* Build configuration list for PBXProject "ping" */;
			compatibilityVersion = "Xcode 3.2";
			developmentRegion = English;
			hasScannedForEncodings = 0;
			knownRegions = (
				en,
			);
			mainGroup = 37127CFE1A9901B900599B6E;
			productRefGroup = 37127D081A9901B900599B6E /* Products */;
			projectDirPath = "";
			projectRoot = "";
			targets = (
				37127D061A9901B900599B6E /* ping */,
			);
		};
/* End PBXProject section */

/* Begin PBXShellScriptBuildPhase section */
		900261A759775994BCD67A4F /* Check Pods Manifest.lock */ = {
			isa = PBXShellScriptBuildPhase;
			buildActionMask = 2147483647;
			files = (
			);
			inputPaths = (
			);
			name = "Check Pods Manifest.lock";
			outputPaths = (
			);
			runOnlyForDeploymentPostprocessing = 0;
			shellPath = /bin/sh;
			shellScript = "diff \"${PODS_ROOT}/../Podfile.lock\" \"${PODS_ROOT}/Manifest.lock\" > /dev/null\nif [[ $? != 0 ]] ; then\n    cat << EOM\nerror: The sandbox is not in sync with the Podfile.lock. Run 'pod install' or update your CocoaPods installation.\nEOM\n    exit 1\nfi\n";
			showEnvVarsInLog = 0;
		};
		EA6EA881454D762D4625DE0A /* Copy Pods Resources */ = {
			isa = PBXShellScriptBuildPhase;
			buildActionMask = 2147483647;
			files = (
			);
			inputPaths = (
			);
			name = "Copy Pods Resources";
			outputPaths = (
			);
			runOnlyForDeploymentPostprocessing = 0;
			shellPath = /bin/sh;
			shellScript = "\"${SRCROOT}/Pods/Target Support Files/Pods-ping/Pods-ping-resources.sh\"\n";
			showEnvVarsInLog = 0;
		};
/* End PBXShellScriptBuildPhase section */

/* Begin PBXSourcesBuildPhase section */
		37127D031A9901B900599B6E /* Sources */ = {
			isa = PBXSourcesBuildPhase;
			buildActionMask = 2147483647;
			files = (
				3757A2931A99169E00036F83 /* api-ping.m in Sources */,
				37127D0B1A9901B900599B6E /* main.m in Sources */,
			);
			runOnlyForDeploymentPostprocessing = 0;
		};
/* End PBXSourcesBuildPhase section */

/* Begin XCBuildConfiguration section */
		37127D0C1A9901B900599B6E /* Debug */ = {
			isa = XCBuildConfiguration;
			buildSettings = {
				ALWAYS_SEARCH_USER_PATHS = NO;
				CLANG_CXX_LANGUAGE_STANDARD = "gnu++0x";
				CLANG_CXX_LIBRARY = "libc++";
				CLANG_ENABLE_MODULES = YES;
				CLANG_ENABLE_OBJC_ARC = YES;
				CLANG_WARN_BOOL_CONVERSION = YES;
				CLANG_WARN_CONSTANT_CONVERSION = YES;
				CLANG_WARN_DIRECT_OBJC_ISA_USAGE = YES_ERROR;
				CLANG_WARN_EMPTY_BODY = YES;
				CLANG_WARN_ENUM_CONVERSION = YES;
				CLANG_WARN_INT_CONVERSION = YES;
				CLANG_WARN_OBJC_ROOT_CLASS = YES_ERROR;
				CLANG_WARN_UNREACHABLE_CODE = YES;
				CLANG_WARN__DUPLICATE_METHOD_MATCH = YES;
				COPY_PHASE_STRIP = NO;
				ENABLE_STRICT_OBJC_MSGSEND = YES;
				GCC_C_LANGUAGE_STANDARD = gnu99;
				GCC_DYNAMIC_NO_PIC = NO;
				GCC_OPTIMIZATION_LEVEL = 0;
				GCC_PREPROCESSOR_DEFINITIONS = (
					"DEBUG=1",
					"$(inherited)",
				);
				GCC_SYMBOLS_PRIVATE_EXTERN = NO;
				GCC_WARN_64_TO_32_BIT_CONVERSION = YES;
				GCC_WARN_ABOUT_RETURN_TYPE = YES_ERROR;
				GCC_WARN_UNDECLARED_SELECTOR = YES;
				GCC_WARN_UNINITIALIZED_AUTOS = YES_AGGRESSIVE;
				GCC_WARN_UNUSED_FUNCTION = YES;
				GCC_WARN_UNUSED_VARIABLE = YES;
				MACOSX_DEPLOYMENT_TARGET = 10.10;
				MTL_ENABLE_DEBUG_INFO = YES;
				ONLY_ACTIVE_ARCH = YES;
				SDKROOT = macosx;
			};
			name = Debug;
		};
		37127D0D1A9901B900599B6E /* Release */ = {
			isa = XCBuildConfiguration;
			buildSettings = {
				ALWAYS_SEARCH_USER_PATHS = NO;
				CLANG_CXX_LANGUAGE_STANDARD = "gnu++0x";
				CLANG_CXX_LIBRARY = "libc++";
				CLANG_ENABLE_MODULES = YES;
				CLANG_ENABLE_OBJC_ARC = YES;
				CLANG_WARN_BOOL_CONVERSION = YES;
				CLANG_WARN_CONSTANT_CONVERSION = YES;
				CLANG_WARN_DIRECT_OBJC_ISA_USAGE = YES_ERROR;
				CLANG_WARN_EMPTY_BODY = YES;
				CLANG_WARN_ENUM_CONVERSION = YES;
				CLANG_WARN_INT_CONVERSION = YES;
				CLANG_WARN_OBJC_ROOT_CLASS = YES_ERROR;
				CLANG_WARN_UNREACHABLE_CODE = YES;
				CLANG_WARN__DUPLICATE_METHOD_MATCH = YES;
				COPY_PHASE_STRIP = YES;
				DEBUG_INFORMATION_FORMAT = "dwarf-with-dsym";
				ENABLE_NS_ASSERTIONS = NO;
				ENABLE_STRICT_OBJC_MSGSEND = YES;
				GCC_C_LANGUAGE_STANDARD = gnu99;
				GCC_WARN_64_TO_32_BIT_CONVERSION = YES;
				GCC_WARN_ABOUT_RETURN_TYPE = YES_ERROR;
				GCC_WARN_UNDECLARED_SELECTOR = YES;
				GCC_WARN_UNINITIALIZED_AUTOS = YES_AGGRESSIVE;
				GCC_WARN_UNUSED_FUNCTION = YES;
				GCC_WARN_UNUSED_VARIABLE = YES;
				MACOSX_DEPLOYMENT_TARGET = 10.10;
				MTL_ENABLE_DEBUG_INFO = NO;
				SDKROOT = macosx;
			};
			name = Release;
		};
		37127D0F1A9901B900599B6E /* Debug */ = {
			isa = XCBuildConfiguration;
			baseConfigurationReference = D3E49A3384D93725A75C51A4 /* Pods-ping.debug.xcconfig */;
			buildSettings = {
				PRODUCT_NAME = "$(TARGET_NAME)";
			};
			name = Debug;
		};
		37127D101A9901B900599B6E /* Release */ = {
			isa = XCBuildConfiguration;
			baseConfigurationReference = 75F5AD618C0D21647ABDF615 /* Pods-ping.release.xcconfig */;
			buildSettings = {
				PRODUCT_NAME = "$(TARGET_NAME)";
			};
			name = Release;
		};
/* End XCBuildConfiguration section */

/* Begin XCConfigurationList section */
		37127D021A9901B900599B6E /* Build configuration list for PBXProject "ping" */ = {
			isa = XCConfigurationList;
			buildConfigurations = (
				37127D0C1A9901B900599B6E /* Debug */,
				37127D0D1A9901B900599B6E /* Release */,
			);
			defaultConfigurationIsVisible = 0;
			defaultConfigurationName = Release;
		};
		37127D0E1A9901B900599B6E /* Build configuration list for PBXNativeTarget "ping" */ = {
			isa = XCConfigurationList;
			buildConfigurations = (
				37127D0F1A9901B900599B6E /* Debug */,
				37127D101A9901B900599B6E /* Release */,
			);
			defaultConfigurationIsVisible = 0;
			defaultConfigurationName = Release;
		};
/* End XCConfigurationList section */
	};
	rootObject = 37127CFF1A9901B900599B6E /* Project object */;
}
